
Microsoft Visual Studio Solution File, Format Version 12.00
# Visual Studio Version 17
VisualStudioVersion = 17.4.33110.190
MinimumVisualStudioVersion = 15.0.26124.0
Project("{9A19103F-16F7-4668-BE54-9A1E7A4F7556}") = "SlideViewer", "example\SlideViewer\SlideViewer.csproj", "{11D9A92F-2314-407B-A392-18B2290E4972}"
EndProject
Project("{2150E333-8FDC-42A3-9474-1A3956D46DE8}") = "src", "src", "{A398B3D1-BBFA-49BB-9C63-AA8C5A371CB9}"
EndProject
Project("{9A19103F-16F7-4668-BE54-9A1E7A4F7556}") = "OpenSlideGTK", "src\OpenSlideGTK\OpenSlideGTK.csproj", "{E2242032-F237-43ED-8389-2335724DA16C}"
EndProject
Project("{9A19103F-16F7-4668-BE54-9A1E7A4F7556}") = "OpenSlideGTK.BruTile", "src\OpenSlideGTK.BruTile\OpenSlideGTK.BruTile.csproj", "{8781F334-5904-4E2C-8390-76713E36ED7A}"
EndProject
Project("{9A19103F-16F7-4668-BE54-9A1E7A4F7556}") = "AForgeBio", "..\..\..\Shared\AForgeBio\AForgeBio\AForgeBio\AForgeBio.csproj", "{812D3E91-A768-42A4-9AF6-EECEB514393D}"
EndProject
Global
	GlobalSection(SolutionConfigurationPlatforms) = preSolution
		Debug|Any CPU = Debug|Any CPU
		Debug|ARM64 = Debug|ARM64
		Debug|x64 = Debug|x64
		Release|Any CPU = Release|Any CPU
		Release|ARM64 = Release|ARM64
		Release|x64 = Release|x64
	EndGlobalSection
	GlobalSection(ProjectConfigurationPlatforms) = postSolution
		{11D9A92F-2314-407B-A392-18B2290E4972}.Debug|Any CPU.ActiveCfg = Debug|Any CPU
		{11D9A92F-2314-407B-A392-18B2290E4972}.Debug|Any CPU.Build.0 = Debug|Any CPU
		{11D9A92F-2314-407B-A392-18B2290E4972}.Debug|ARM64.ActiveCfg = Debug|Any CPU
		{11D9A92F-2314-407B-A392-18B2290E4972}.Debug|ARM64.Build.0 = Debug|Any CPU
		{11D9A92F-2314-407B-A392-18B2290E4972}.Debug|x64.ActiveCfg = Debug|Any CPU
		{11D9A92F-2314-407B-A392-18B2290E4972}.Debug|x64.Build.0 = Debug|Any CPU
		{11D9A92F-2314-407B-A392-18B2290E4972}.Release|Any CPU.ActiveCfg = Release|Any CPU
		{11D9A92F-2314-407B-A392-18B2290E4972}.Release|Any CPU.Build.0 = Release|Any CPU
		{11D9A92F-2314-407B-A392-18B2290E4972}.Release|ARM64.ActiveCfg = Release|Any CPU
		{11D9A92F-2314-407B-A392-18B2290E4972}.Release|ARM64.Build.0 = Release|Any CPU
		{11D9A92F-2314-407B-A392-18B2290E4972}.Release|x64.ActiveCfg = Release|Any CPU
		{11D9A92F-2314-407B-A392-18B2290E4972}.Release|x64.Build.0 = Release|Any CPU
		{E2242032-F237-43ED-8389-2335724DA16C}.Debug|Any CPU.ActiveCfg = Debug|Any CPU
		{E2242032-F237-43ED-8389-2335724DA16C}.Debug|Any CPU.Build.0 = Debug|Any CPU
		{E2242032-F237-43ED-8389-2335724DA16C}.Debug|ARM64.ActiveCfg = Debug|Any CPU
		{E2242032-F237-43ED-8389-2335724DA16C}.Debug|ARM64.Build.0 = Debug|Any CPU
		{E2242032-F237-43ED-8389-2335724DA16C}.Debug|x64.ActiveCfg = Debug|Any CPU
		{E2242032-F237-43ED-8389-2335724DA16C}.Debug|x64.Build.0 = Debug|Any CPU
		{E2242032-F237-43ED-8389-2335724DA16C}.Release|Any CPU.ActiveCfg = Release|Any CPU
		{E2242032-F237-43ED-8389-2335724DA16C}.Release|Any CPU.Build.0 = Release|Any CPU
		{E2242032-F237-43ED-8389-2335724DA16C}.Release|ARM64.ActiveCfg = Release|Any CPU
		{E2242032-F237-43ED-8389-2335724DA16C}.Release|ARM64.Build.0 = Release|Any CPU
		{E2242032-F237-43ED-8389-2335724DA16C}.Release|x64.ActiveCfg = Release|Any CPU
		{E2242032-F237-43ED-8389-2335724DA16C}.Release|x64.Build.0 = Release|Any CPU
		{8781F334-5904-4E2C-8390-76713E36ED7A}.Debug|Any CPU.ActiveCfg = Debug|Any CPU
		{8781F334-5904-4E2C-8390-76713E36ED7A}.Debug|Any CPU.Build.0 = Debug|Any CPU
		{8781F334-5904-4E2C-8390-76713E36ED7A}.Debug|ARM64.ActiveCfg = Debug|Any CPU
		{8781F334-5904-4E2C-8390-76713E36ED7A}.Debug|ARM64.Build.0 = Debug|Any CPU
		{8781F334-5904-4E2C-8390-76713E36ED7A}.Debug|x64.ActiveCfg = Debug|Any CPU
		{8781F334-5904-4E2C-8390-76713E36ED7A}.Debug|x64.Build.0 = Debug|Any CPU
		{8781F334-5904-4E2C-8390-76713E36ED7A}.Release|Any CPU.ActiveCfg = Release|Any CPU
		{8781F334-5904-4E2C-8390-76713E36ED7A}.Release|Any CPU.Build.0 = Release|Any CPU
		{8781F334-5904-4E2C-8390-76713E36ED7A}.Release|ARM64.ActiveCfg = Release|Any CPU
		{8781F334-5904-4E2C-8390-76713E36ED7A}.Release|ARM64.Build.0 = Release|Any CPU
		{8781F334-5904-4E2C-8390-76713E36ED7A}.Release|x64.ActiveCfg = Release|Any CPU
		{8781F334-5904-4E2C-8390-76713E36ED7A}.Release|x64.Build.0 = Release|Any CPU
		{812D3E91-A768-42A4-9AF6-EECEB514393D}.Debug|Any CPU.ActiveCfg = Debug|Any CPU
		{812D3E91-A768-42A4-9AF6-EECEB514393D}.Debug|Any CPU.Build.0 = Debug|Any CPU
		{812D3E91-A768-42A4-9AF6-EECEB514393D}.Debug|ARM64.ActiveCfg = Debug|ARM64
		{812D3E91-A768-42A4-9AF6-EECEB514393D}.Debug|ARM64.Build.0 = Debug|ARM64
		{812D3E91-A768-42A4-9AF6-EECEB514393D}.Debug|x64.ActiveCfg = Debug|x64
		{812D3E91-A768-42A4-9AF6-EECEB514393D}.Debug|x64.Build.0 = Debug|x64
		{812D3E91-A768-42A4-9AF6-EECEB514393D}.Release|Any CPU.ActiveCfg = Release|Any CPU
		{812D3E91-A768-42A4-9AF6-EECEB514393D}.Release|Any CPU.Build.0 = Release|Any CPU
		{812D3E91-A768-42A4-9AF6-EECEB514393D}.Release|ARM64.ActiveCfg = Release|ARM64
		{812D3E91-A768-42A4-9AF6-EECEB514393D}.Release|ARM64.Build.0 = Release|ARM64
		{812D3E91-A768-42A4-9AF6-EECEB514393D}.Release|x64.ActiveCfg = Release|x64
		{812D3E91-A768-42A4-9AF6-EECEB514393D}.Release|x64.Build.0 = Release|x64
	EndGlobalSection
	GlobalSection(SolutionProperties) = preSolution
		HideSolutionNode = FALSE
	EndGlobalSection
	GlobalSection(NestedProjects) = preSolution
		{11D9A92F-2314-407B-A392-18B2290E4972} = {A398B3D1-BBFA-49BB-9C63-AA8C5A371CB9}
		{E2242032-F237-43ED-8389-2335724DA16C} = {A398B3D1-BBFA-49BB-9C63-AA8C5A371CB9}
		{8781F334-5904-4E2C-8390-76713E36ED7A} = {A398B3D1-BBFA-49BB-9C63-AA8C5A371CB9}
		{812D3E91-A768-42A4-9AF6-EECEB514393D} = {A398B3D1-BBFA-49BB-9C63-AA8C5A371CB9}
	EndGlobalSection
	GlobalSection(ExtensibilityGlobals) = postSolution
		SolutionGuid = {6D55D41F-7887-4787-BD15-17389C769282}
	EndGlobalSection
EndGlobal
