
Microsoft Visual Studio Solution File, Format Version 12.00
# Visual Studio Version 17
VisualStudioVersion = 17.4.33110.190
MinimumVisualStudioVersion = 15.0.26124.0
Project("{2150E333-8FDC-42A3-9474-1A3956D46DE8}") = "example", "example", "{C3C9459E-1461-4480-B551-AAED7BDAD940}"
EndProject
Project("{9A19103F-16F7-4668-BE54-9A1E7A4F7556}") = "SlideViewer", "example\SlideViewer\SlideViewer.csproj", "{11D9A92F-2314-407B-A392-18B2290E4972}"
EndProject
Project("{2150E333-8FDC-42A3-9474-1A3956D46DE8}") = "src", "src", "{A398B3D1-BBFA-49BB-9C63-AA8C5A371CB9}"
EndProject
Project("{9A19103F-16F7-4668-BE54-9A1E7A4F7556}") = "OpenSlideGTK", "src\OpenSlideSharp\OpenSlideGTK.csproj", "{12A2FDA6-E6D0-4E6E-9BCE-3D91434017AE}"
EndProject
Project("{9A19103F-16F7-4668-BE54-9A1E7A4F7556}") = "OpenSlideGTK.BruTile", "src\OpenSlideSharp.BruTile\OpenSlideGTK.BruTile.csproj", "{9EC41A7C-9E4B-458A-BE94-6DACCC882965}"
EndProject
Project("{9A19103F-16F7-4668-BE54-9A1E7A4F7556}") = "OpenSlideGTK.OpencvExtensions", "src\OpenSlideSharp.OpencvExtensions\OpenSlideGTK.OpencvExtensions.csproj", "{37C73C03-D2C1-4EE1-B12C-F7E2AD7DF0DC}"
EndProject
Project("{9A19103F-16F7-4668-BE54-9A1E7A4F7556}") = "OpenSlideGTK.runtime.win", "src\OpenSlideSharp.runtime.win\OpenSlideGTK.runtime.win.csproj", "{012387B0-DEA6-4F5D-98E8-B19AABE74673}"
EndProject
Project("{9A19103F-16F7-4668-BE54-9A1E7A4F7556}") = "OpenSlideGTK.Windows", "src\OpenSlideSharp.Windows\OpenSlideGTK.Windows.csproj", "{20FD6BD1-A216-4803-87E5-7FAD9D7A2804}"
EndProject
Global
	GlobalSection(SolutionConfigurationPlatforms) = preSolution
		Debug|Any CPU = Debug|Any CPU
		Release|Any CPU = Release|Any CPU
	EndGlobalSection
	GlobalSection(ProjectConfigurationPlatforms) = postSolution
		{11D9A92F-2314-407B-A392-18B2290E4972}.Debug|Any CPU.ActiveCfg = Debug|Any CPU
		{11D9A92F-2314-407B-A392-18B2290E4972}.Debug|Any CPU.Build.0 = Debug|Any CPU
		{11D9A92F-2314-407B-A392-18B2290E4972}.Release|Any CPU.ActiveCfg = Release|Any CPU
		{11D9A92F-2314-407B-A392-18B2290E4972}.Release|Any CPU.Build.0 = Release|Any CPU
		{12A2FDA6-E6D0-4E6E-9BCE-3D91434017AE}.Debug|Any CPU.ActiveCfg = Debug|Any CPU
		{12A2FDA6-E6D0-4E6E-9BCE-3D91434017AE}.Debug|Any CPU.Build.0 = Debug|Any CPU
		{12A2FDA6-E6D0-4E6E-9BCE-3D91434017AE}.Release|Any CPU.ActiveCfg = Release|Any CPU
		{12A2FDA6-E6D0-4E6E-9BCE-3D91434017AE}.Release|Any CPU.Build.0 = Release|Any CPU
		{9EC41A7C-9E4B-458A-BE94-6DACCC882965}.Debug|Any CPU.ActiveCfg = Debug|Any CPU
		{9EC41A7C-9E4B-458A-BE94-6DACCC882965}.Debug|Any CPU.Build.0 = Debug|Any CPU
		{9EC41A7C-9E4B-458A-BE94-6DACCC882965}.Release|Any CPU.ActiveCfg = Release|Any CPU
		{9EC41A7C-9E4B-458A-BE94-6DACCC882965}.Release|Any CPU.Build.0 = Release|Any CPU
		{37C73C03-D2C1-4EE1-B12C-F7E2AD7DF0DC}.Debug|Any CPU.ActiveCfg = Debug|Any CPU
		{37C73C03-D2C1-4EE1-B12C-F7E2AD7DF0DC}.Debug|Any CPU.Build.0 = Debug|Any CPU
		{37C73C03-D2C1-4EE1-B12C-F7E2AD7DF0DC}.Release|Any CPU.ActiveCfg = Release|Any CPU
		{37C73C03-D2C1-4EE1-B12C-F7E2AD7DF0DC}.Release|Any CPU.Build.0 = Release|Any CPU
		{012387B0-DEA6-4F5D-98E8-B19AABE74673}.Debug|Any CPU.ActiveCfg = Debug|Any CPU
		{012387B0-DEA6-4F5D-98E8-B19AABE74673}.Debug|Any CPU.Build.0 = Debug|Any CPU
		{012387B0-DEA6-4F5D-98E8-B19AABE74673}.Release|Any CPU.ActiveCfg = Release|Any CPU
		{012387B0-DEA6-4F5D-98E8-B19AABE74673}.Release|Any CPU.Build.0 = Release|Any CPU
		{20FD6BD1-A216-4803-87E5-7FAD9D7A2804}.Debug|Any CPU.ActiveCfg = Debug|Any CPU
		{20FD6BD1-A216-4803-87E5-7FAD9D7A2804}.Debug|Any CPU.Build.0 = Debug|Any CPU
		{20FD6BD1-A216-4803-87E5-7FAD9D7A2804}.Release|Any CPU.ActiveCfg = Release|Any CPU
		{20FD6BD1-A216-4803-87E5-7FAD9D7A2804}.Release|Any CPU.Build.0 = Release|Any CPU
	EndGlobalSection
	GlobalSection(SolutionProperties) = preSolution
		HideSolutionNode = FALSE
	EndGlobalSection
	GlobalSection(NestedProjects) = preSolution
		{11D9A92F-2314-407B-A392-18B2290E4972} = {C3C9459E-1461-4480-B551-AAED7BDAD940}
		{12A2FDA6-E6D0-4E6E-9BCE-3D91434017AE} = {A398B3D1-BBFA-49BB-9C63-AA8C5A371CB9}
		{9EC41A7C-9E4B-458A-BE94-6DACCC882965} = {A398B3D1-BBFA-49BB-9C63-AA8C5A371CB9}
		{37C73C03-D2C1-4EE1-B12C-F7E2AD7DF0DC} = {A398B3D1-BBFA-49BB-9C63-AA8C5A371CB9}
		{012387B0-DEA6-4F5D-98E8-B19AABE74673} = {A398B3D1-BBFA-49BB-9C63-AA8C5A371CB9}
		{20FD6BD1-A216-4803-87E5-7FAD9D7A2804} = {A398B3D1-BBFA-49BB-9C63-AA8C5A371CB9}
	EndGlobalSection
	GlobalSection(ExtensibilityGlobals) = postSolution
		SolutionGuid = {6D55D41F-7887-4787-BD15-17389C769282}
	EndGlobalSection
EndGlobal
