
Microsoft Visual Studio Solution File, Format Version 12.00
# Visual Studio Version 17
VisualStudioVersion = 17.4.33110.190
MinimumVisualStudioVersion = 15.0.26124.0
Project("{2150E333-8FDC-42A3-9474-1A3956D46DE8}") = "src", "src", "{6EE7C68C-65D9-4290-81AE-09BA58C857CD}"
EndProject
Project("{9A19103F-16F7-4668-BE54-9A1E7A4F7556}") = "OpenSlideGTK", "src\OpenSlideSharp\OpenSlideGTK.csproj", "{E7479C1E-3DCC-47E4-98F5-B0E374889AC2}"
EndProject
Project("{9A19103F-16F7-4668-BE54-9A1E7A4F7556}") = "SlideViewer", "example\SlideViewer\SlideViewer.csproj", "{11D9A92F-2314-407B-A392-18B2290E4972}"
EndProject
Global
	GlobalSection(SolutionConfigurationPlatforms) = preSolution
		Debug|Any CPU = Debug|Any CPU
		Release|Any CPU = Release|Any CPU
	EndGlobalSection
	GlobalSection(ProjectConfigurationPlatforms) = postSolution
		{E7479C1E-3DCC-47E4-98F5-B0E374889AC2}.Debug|Any CPU.ActiveCfg = Debug|x64
		{E7479C1E-3DCC-47E4-98F5-B0E374889AC2}.Debug|Any CPU.Build.0 = Debug|x64
		{E7479C1E-3DCC-47E4-98F5-B0E374889AC2}.Release|Any CPU.ActiveCfg = Release|Any CPU
		{E7479C1E-3DCC-47E4-98F5-B0E374889AC2}.Release|Any CPU.Build.0 = Release|Any CPU
		{11D9A92F-2314-407B-A392-18B2290E4972}.Debug|Any CPU.ActiveCfg = Debug|x64
		{11D9A92F-2314-407B-A392-18B2290E4972}.Debug|Any CPU.Build.0 = Debug|x64
		{11D9A92F-2314-407B-A392-18B2290E4972}.Release|Any CPU.ActiveCfg = Release|Any CPU
		{11D9A92F-2314-407B-A392-18B2290E4972}.Release|Any CPU.Build.0 = Release|Any CPU
	EndGlobalSection
	GlobalSection(SolutionProperties) = preSolution
		HideSolutionNode = FALSE
	EndGlobalSection
	GlobalSection(NestedProjects) = preSolution
		{E7479C1E-3DCC-47E4-98F5-B0E374889AC2} = {6EE7C68C-65D9-4290-81AE-09BA58C857CD}
		{11D9A92F-2314-407B-A392-18B2290E4972} = {6EE7C68C-65D9-4290-81AE-09BA58C857CD}
	EndGlobalSection
	GlobalSection(ExtensibilityGlobals) = postSolution
		SolutionGuid = {6D55D41F-7887-4787-BD15-17389C769282}
	EndGlobalSection
EndGlobal
